
Microsoft Visual Studio Solution File, Format Version 12.00
# Visual Studio 2013
VisualStudioVersion = 12.0.30501.0
MinimumVisualStudioVersion = 10.0.40219.1
Project("{8BC9CEB8-8B4A-11D0-8D11-00A0C91BC942}") = "SwardOffer4", "SwardOffer\SwardOffer.vcxproj", "{71BC8BEF-09F8-40E5-9429-BD6A289AB5C5}"
EndProject
Project("{8BC9CEB8-8B4A-11D0-8D11-00A0C91BC942}") = "SwardOffer5", "SwardOffer5\SwardOffer5.vcxproj", "{50DC7213-C113-48EE-99B9-3E4C87388FB9}"
EndProject
Project("{8BC9CEB8-8B4A-11D0-8D11-00A0C91BC942}") = "SwardOffer6", "SwardOffer6\SwardOffer6.vcxproj", "{0AB51AF8-1D00-447D-8BEB-AAC0172A430D}"
EndProject
Project("{8BC9CEB8-8B4A-11D0-8D11-00A0C91BC942}") = "SwardOffer7", "SwardOffer7\SwardOffer7.vcxproj", "{DC4AB824-E2BA-4715-99D8-28D5EE9D5D28}"
EndProject
Project("{8BC9CEB8-8B4A-11D0-8D11-00A0C91BC942}") = "SwordOffer8", "SwordOffer8\SwordOffer8.vcxproj", "{D3B81094-FF91-4583-96F1-3B59257DD564}"
EndProject
Project("{8BC9CEB8-8B4A-11D0-8D11-00A0C91BC942}") = "SwordOffer9", "SwordOffer9\SwordOffer9.vcxproj", "{1693CA0A-8073-4EAA-B24F-622CC33B462F}"
EndProject
Project("{8BC9CEB8-8B4A-11D0-8D11-00A0C91BC942}") = "SwordOffer10", "SwordOffer10\SwordOffer10.vcxproj", "{2E612CBF-4171-423C-BA02-DAECA173B1F3}"
EndProject
Project("{8BC9CEB8-8B4A-11D0-8D11-00A0C91BC942}") = "SwordOffer11", "SwordOffer11\SwordOffer11.vcxproj", "{7102BE65-5ECC-4A76-8772-A09B73C20F0D}"
EndProject
Project("{8BC9CEB8-8B4A-11D0-8D11-00A0C91BC942}") = "SwordOffer12", "SwordOffer12\SwordOffer12.vcxproj", "{49A46B01-C9D9-4785-AD42-E05DF6EE1956}"
EndProject
Project("{8BC9CEB8-8B4A-11D0-8D11-00A0C91BC942}") = "SwordOffer13", "SwordOffer13\SwordOffer13.vcxproj", "{3E7B3377-D216-4786-8B4F-338365727463}"
EndProject
Project("{8BC9CEB8-8B4A-11D0-8D11-00A0C91BC942}") = "SwordOffer14", "SwordOffer14\SwordOffer14.vcxproj", "{71E9856D-51D8-4F61-92FB-C8A4BFA4BD99}"
EndProject
Project("{8BC9CEB8-8B4A-11D0-8D11-00A0C91BC942}") = "SwordOffer15", "SwordOffer15\SwordOffer15.vcxproj", "{F85470AC-1C2B-4F54-948B-A16FA80B1920}"
EndProject
Project("{8BC9CEB8-8B4A-11D0-8D11-00A0C91BC942}") = "SwordOffer16", "SwordOffer16\SwordOffer16.vcxproj", "{36DDBF73-7C9A-4656-A9BD-6BD236CEC4D3}"
EndProject
Project("{8BC9CEB8-8B4A-11D0-8D11-00A0C91BC942}") = "SwordOffer17", "SwordOffer17\SwordOffer17.vcxproj", "{C0AA1476-8EE3-4699-82A1-9A7C8DC51261}"
EndProject
Project("{8BC9CEB8-8B4A-11D0-8D11-00A0C91BC942}") = "SwordOffer18", "SwordOffer18\SwordOffer18.vcxproj", "{4804E834-2848-480E-A4A0-DF8BF29A0558}"
EndProject
Global
	GlobalSection(SolutionConfigurationPlatforms) = preSolution
		Debug|Any CPU = Debug|Any CPU
		Debug|Mixed Platforms = Debug|Mixed Platforms
		Debug|Win32 = Debug|Win32
		Release|Any CPU = Release|Any CPU
		Release|Mixed Platforms = Release|Mixed Platforms
		Release|Win32 = Release|Win32
	EndGlobalSection
	GlobalSection(ProjectConfigurationPlatforms) = postSolution
		{71BC8BEF-09F8-40E5-9429-BD6A289AB5C5}.Debug|Any CPU.ActiveCfg = Debug|Win32
		{71BC8BEF-09F8-40E5-9429-BD6A289AB5C5}.Debug|Mixed Platforms.ActiveCfg = Debug|Win32
		{71BC8BEF-09F8-40E5-9429-BD6A289AB5C5}.Debug|Mixed Platforms.Build.0 = Debug|Win32
		{71BC8BEF-09F8-40E5-9429-BD6A289AB5C5}.Debug|Win32.ActiveCfg = Debug|Win32
		{71BC8BEF-09F8-40E5-9429-BD6A289AB5C5}.Debug|Win32.Build.0 = Debug|Win32
		{71BC8BEF-09F8-40E5-9429-BD6A289AB5C5}.Release|Any CPU.ActiveCfg = Release|Win32
		{71BC8BEF-09F8-40E5-9429-BD6A289AB5C5}.Release|Mixed Platforms.ActiveCfg = Release|Win32
		{71BC8BEF-09F8-40E5-9429-BD6A289AB5C5}.Release|Mixed Platforms.Build.0 = Release|Win32
		{71BC8BEF-09F8-40E5-9429-BD6A289AB5C5}.Release|Win32.ActiveCfg = Release|Win32
		{71BC8BEF-09F8-40E5-9429-BD6A289AB5C5}.Release|Win32.Build.0 = Release|Win32
		{50DC7213-C113-48EE-99B9-3E4C87388FB9}.Debug|Any CPU.ActiveCfg = Debug|Win32
		{50DC7213-C113-48EE-99B9-3E4C87388FB9}.Debug|Mixed Platforms.ActiveCfg = Debug|Win32
		{50DC7213-C113-48EE-99B9-3E4C87388FB9}.Debug|Mixed Platforms.Build.0 = Debug|Win32
		{50DC7213-C113-48EE-99B9-3E4C87388FB9}.Debug|Win32.ActiveCfg = Debug|Win32
		{50DC7213-C113-48EE-99B9-3E4C87388FB9}.Debug|Win32.Build.0 = Debug|Win32
		{50DC7213-C113-48EE-99B9-3E4C87388FB9}.Release|Any CPU.ActiveCfg = Release|Win32
		{50DC7213-C113-48EE-99B9-3E4C87388FB9}.Release|Mixed Platforms.ActiveCfg = Release|Win32
		{50DC7213-C113-48EE-99B9-3E4C87388FB9}.Release|Mixed Platforms.Build.0 = Release|Win32
		{50DC7213-C113-48EE-99B9-3E4C87388FB9}.Release|Win32.ActiveCfg = Release|Win32
		{50DC7213-C113-48EE-99B9-3E4C87388FB9}.Release|Win32.Build.0 = Release|Win32
		{0AB51AF8-1D00-447D-8BEB-AAC0172A430D}.Debug|Any CPU.ActiveCfg = Debug|Win32
		{0AB51AF8-1D00-447D-8BEB-AAC0172A430D}.Debug|Mixed Platforms.ActiveCfg = Debug|Win32
		{0AB51AF8-1D00-447D-8BEB-AAC0172A430D}.Debug|Mixed Platforms.Build.0 = Debug|Win32
		{0AB51AF8-1D00-447D-8BEB-AAC0172A430D}.Debug|Win32.ActiveCfg = Debug|Win32
		{0AB51AF8-1D00-447D-8BEB-AAC0172A430D}.Debug|Win32.Build.0 = Debug|Win32
		{0AB51AF8-1D00-447D-8BEB-AAC0172A430D}.Release|Any CPU.ActiveCfg = Release|Win32
		{0AB51AF8-1D00-447D-8BEB-AAC0172A430D}.Release|Mixed Platforms.ActiveCfg = Release|Win32
		{0AB51AF8-1D00-447D-8BEB-AAC0172A430D}.Release|Mixed Platforms.Build.0 = Release|Win32
		{0AB51AF8-1D00-447D-8BEB-AAC0172A430D}.Release|Win32.ActiveCfg = Release|Win32
		{0AB51AF8-1D00-447D-8BEB-AAC0172A430D}.Release|Win32.Build.0 = Release|Win32
		{DC4AB824-E2BA-4715-99D8-28D5EE9D5D28}.Debug|Any CPU.ActiveCfg = Debug|Win32
		{DC4AB824-E2BA-4715-99D8-28D5EE9D5D28}.Debug|Mixed Platforms.ActiveCfg = Debug|Win32
		{DC4AB824-E2BA-4715-99D8-28D5EE9D5D28}.Debug|Mixed Platforms.Build.0 = Debug|Win32
		{DC4AB824-E2BA-4715-99D8-28D5EE9D5D28}.Debug|Win32.ActiveCfg = Debug|Win32
		{DC4AB824-E2BA-4715-99D8-28D5EE9D5D28}.Debug|Win32.Build.0 = Debug|Win32
		{DC4AB824-E2BA-4715-99D8-28D5EE9D5D28}.Release|Any CPU.ActiveCfg = Release|Win32
		{DC4AB824-E2BA-4715-99D8-28D5EE9D5D28}.Release|Mixed Platforms.ActiveCfg = Release|Win32
		{DC4AB824-E2BA-4715-99D8-28D5EE9D5D28}.Release|Mixed Platforms.Build.0 = Release|Win32
		{DC4AB824-E2BA-4715-99D8-28D5EE9D5D28}.Release|Win32.ActiveCfg = Release|Win32
		{DC4AB824-E2BA-4715-99D8-28D5EE9D5D28}.Release|Win32.Build.0 = Release|Win32
		{D3B81094-FF91-4583-96F1-3B59257DD564}.Debug|Any CPU.ActiveCfg = Debug|Win32
		{D3B81094-FF91-4583-96F1-3B59257DD564}.Debug|Mixed Platforms.ActiveCfg = Debug|Win32
		{D3B81094-FF91-4583-96F1-3B59257DD564}.Debug|Mixed Platforms.Build.0 = Debug|Win32
		{D3B81094-FF91-4583-96F1-3B59257DD564}.Debug|Win32.ActiveCfg = Debug|Win32
		{D3B81094-FF91-4583-96F1-3B59257DD564}.Debug|Win32.Build.0 = Debug|Win32
		{D3B81094-FF91-4583-96F1-3B59257DD564}.Release|Any CPU.ActiveCfg = Release|Win32
		{D3B81094-FF91-4583-96F1-3B59257DD564}.Release|Mixed Platforms.ActiveCfg = Release|Win32
		{D3B81094-FF91-4583-96F1-3B59257DD564}.Release|Mixed Platforms.Build.0 = Release|Win32
		{D3B81094-FF91-4583-96F1-3B59257DD564}.Release|Win32.ActiveCfg = Release|Win32
		{D3B81094-FF91-4583-96F1-3B59257DD564}.Release|Win32.Build.0 = Release|Win32
		{1693CA0A-8073-4EAA-B24F-622CC33B462F}.Debug|Any CPU.ActiveCfg = Debug|Win32
		{1693CA0A-8073-4EAA-B24F-622CC33B462F}.Debug|Mixed Platforms.ActiveCfg = Debug|Win32
		{1693CA0A-8073-4EAA-B24F-622CC33B462F}.Debug|Mixed Platforms.Build.0 = Debug|Win32
		{1693CA0A-8073-4EAA-B24F-622CC33B462F}.Debug|Win32.ActiveCfg = Debug|Win32
		{1693CA0A-8073-4EAA-B24F-622CC33B462F}.Debug|Win32.Build.0 = Debug|Win32
		{1693CA0A-8073-4EAA-B24F-622CC33B462F}.Release|Any CPU.ActiveCfg = Release|Win32
		{1693CA0A-8073-4EAA-B24F-622CC33B462F}.Release|Mixed Platforms.ActiveCfg = Release|Win32
		{1693CA0A-8073-4EAA-B24F-622CC33B462F}.Release|Mixed Platforms.Build.0 = Release|Win32
		{1693CA0A-8073-4EAA-B24F-622CC33B462F}.Release|Win32.ActiveCfg = Release|Win32
		{1693CA0A-8073-4EAA-B24F-622CC33B462F}.Release|Win32.Build.0 = Release|Win32
		{2E612CBF-4171-423C-BA02-DAECA173B1F3}.Debug|Any CPU.ActiveCfg = Debug|Win32
		{2E612CBF-4171-423C-BA02-DAECA173B1F3}.Debug|Mixed Platforms.ActiveCfg = Debug|Win32
		{2E612CBF-4171-423C-BA02-DAECA173B1F3}.Debug|Mixed Platforms.Build.0 = Debug|Win32
		{2E612CBF-4171-423C-BA02-DAECA173B1F3}.Debug|Win32.ActiveCfg = Debug|Win32
		{2E612CBF-4171-423C-BA02-DAECA173B1F3}.Debug|Win32.Build.0 = Debug|Win32
		{2E612CBF-4171-423C-BA02-DAECA173B1F3}.Release|Any CPU.ActiveCfg = Release|Win32
		{2E612CBF-4171-423C-BA02-DAECA173B1F3}.Release|Mixed Platforms.ActiveCfg = Release|Win32
		{2E612CBF-4171-423C-BA02-DAECA173B1F3}.Release|Mixed Platforms.Build.0 = Release|Win32
		{2E612CBF-4171-423C-BA02-DAECA173B1F3}.Release|Win32.ActiveCfg = Release|Win32
		{2E612CBF-4171-423C-BA02-DAECA173B1F3}.Release|Win32.Build.0 = Release|Win32
		{7102BE65-5ECC-4A76-8772-A09B73C20F0D}.Debug|Any CPU.ActiveCfg = Debug|Win32
		{7102BE65-5ECC-4A76-8772-A09B73C20F0D}.Debug|Mixed Platforms.ActiveCfg = Debug|Win32
		{7102BE65-5ECC-4A76-8772-A09B73C20F0D}.Debug|Mixed Platforms.Build.0 = Debug|Win32
		{7102BE65-5ECC-4A76-8772-A09B73C20F0D}.Debug|Win32.ActiveCfg = Debug|Win32
		{7102BE65-5ECC-4A76-8772-A09B73C20F0D}.Debug|Win32.Build.0 = Debug|Win32
		{7102BE65-5ECC-4A76-8772-A09B73C20F0D}.Release|Any CPU.ActiveCfg = Release|Win32
		{7102BE65-5ECC-4A76-8772-A09B73C20F0D}.Release|Mixed Platforms.ActiveCfg = Release|Win32
		{7102BE65-5ECC-4A76-8772-A09B73C20F0D}.Release|Mixed Platforms.Build.0 = Release|Win32
		{7102BE65-5ECC-4A76-8772-A09B73C20F0D}.Release|Win32.ActiveCfg = Release|Win32
		{7102BE65-5ECC-4A76-8772-A09B73C20F0D}.Release|Win32.Build.0 = Release|Win32
		{49A46B01-C9D9-4785-AD42-E05DF6EE1956}.Debug|Any CPU.ActiveCfg = Debug|Win32
		{49A46B01-C9D9-4785-AD42-E05DF6EE1956}.Debug|Mixed Platforms.ActiveCfg = Debug|Win32
		{49A46B01-C9D9-4785-AD42-E05DF6EE1956}.Debug|Mixed Platforms.Build.0 = Debug|Win32
		{49A46B01-C9D9-4785-AD42-E05DF6EE1956}.Debug|Win32.ActiveCfg = Debug|Win32
		{49A46B01-C9D9-4785-AD42-E05DF6EE1956}.Debug|Win32.Build.0 = Debug|Win32
		{49A46B01-C9D9-4785-AD42-E05DF6EE1956}.Release|Any CPU.ActiveCfg = Release|Win32
		{49A46B01-C9D9-4785-AD42-E05DF6EE1956}.Release|Mixed Platforms.ActiveCfg = Release|Win32
		{49A46B01-C9D9-4785-AD42-E05DF6EE1956}.Release|Mixed Platforms.Build.0 = Release|Win32
		{49A46B01-C9D9-4785-AD42-E05DF6EE1956}.Release|Win32.ActiveCfg = Release|Win32
		{49A46B01-C9D9-4785-AD42-E05DF6EE1956}.Release|Win32.Build.0 = Release|Win32
		{3E7B3377-D216-4786-8B4F-338365727463}.Debug|Any CPU.ActiveCfg = Debug|Win32
		{3E7B3377-D216-4786-8B4F-338365727463}.Debug|Mixed Platforms.ActiveCfg = Debug|Win32
		{3E7B3377-D216-4786-8B4F-338365727463}.Debug|Mixed Platforms.Build.0 = Debug|Win32
		{3E7B3377-D216-4786-8B4F-338365727463}.Debug|Win32.ActiveCfg = Debug|Win32
		{3E7B3377-D216-4786-8B4F-338365727463}.Debug|Win32.Build.0 = Debug|Win32
		{3E7B3377-D216-4786-8B4F-338365727463}.Release|Any CPU.ActiveCfg = Release|Win32
		{3E7B3377-D216-4786-8B4F-338365727463}.Release|Mixed Platforms.ActiveCfg = Release|Win32
		{3E7B3377-D216-4786-8B4F-338365727463}.Release|Mixed Platforms.Build.0 = Release|Win32
		{3E7B3377-D216-4786-8B4F-338365727463}.Release|Win32.ActiveCfg = Release|Win32
		{3E7B3377-D216-4786-8B4F-338365727463}.Release|Win32.Build.0 = Release|Win32
		{71E9856D-51D8-4F61-92FB-C8A4BFA4BD99}.Debug|Any CPU.ActiveCfg = Debug|Win32
		{71E9856D-51D8-4F61-92FB-C8A4BFA4BD99}.Debug|Mixed Platforms.ActiveCfg = Debug|Win32
		{71E9856D-51D8-4F61-92FB-C8A4BFA4BD99}.Debug|Mixed Platforms.Build.0 = Debug|Win32
		{71E9856D-51D8-4F61-92FB-C8A4BFA4BD99}.Debug|Win32.ActiveCfg = Debug|Win32
		{71E9856D-51D8-4F61-92FB-C8A4BFA4BD99}.Debug|Win32.Build.0 = Debug|Win32
		{71E9856D-51D8-4F61-92FB-C8A4BFA4BD99}.Release|Any CPU.ActiveCfg = Release|Win32
		{71E9856D-51D8-4F61-92FB-C8A4BFA4BD99}.Release|Mixed Platforms.ActiveCfg = Release|Win32
		{71E9856D-51D8-4F61-92FB-C8A4BFA4BD99}.Release|Mixed Platforms.Build.0 = Release|Win32
		{71E9856D-51D8-4F61-92FB-C8A4BFA4BD99}.Release|Win32.ActiveCfg = Release|Win32
		{71E9856D-51D8-4F61-92FB-C8A4BFA4BD99}.Release|Win32.Build.0 = Release|Win32
		{F85470AC-1C2B-4F54-948B-A16FA80B1920}.Debug|Any CPU.ActiveCfg = Debug|Win32
		{F85470AC-1C2B-4F54-948B-A16FA80B1920}.Debug|Mixed Platforms.ActiveCfg = Debug|Win32
		{F85470AC-1C2B-4F54-948B-A16FA80B1920}.Debug|Mixed Platforms.Build.0 = Debug|Win32
		{F85470AC-1C2B-4F54-948B-A16FA80B1920}.Debug|Win32.ActiveCfg = Debug|Win32
		{F85470AC-1C2B-4F54-948B-A16FA80B1920}.Debug|Win32.Build.0 = Debug|Win32
		{F85470AC-1C2B-4F54-948B-A16FA80B1920}.Release|Any CPU.ActiveCfg = Release|Win32
		{F85470AC-1C2B-4F54-948B-A16FA80B1920}.Release|Mixed Platforms.ActiveCfg = Release|Win32
		{F85470AC-1C2B-4F54-948B-A16FA80B1920}.Release|Mixed Platforms.Build.0 = Release|Win32
		{F85470AC-1C2B-4F54-948B-A16FA80B1920}.Release|Win32.ActiveCfg = Release|Win32
		{F85470AC-1C2B-4F54-948B-A16FA80B1920}.Release|Win32.Build.0 = Release|Win32
		{36DDBF73-7C9A-4656-A9BD-6BD236CEC4D3}.Debug|Any CPU.ActiveCfg = Debug|Win32
		{36DDBF73-7C9A-4656-A9BD-6BD236CEC4D3}.Debug|Mixed Platforms.ActiveCfg = Debug|Win32
		{36DDBF73-7C9A-4656-A9BD-6BD236CEC4D3}.Debug|Mixed Platforms.Build.0 = Debug|Win32
		{36DDBF73-7C9A-4656-A9BD-6BD236CEC4D3}.Debug|Win32.ActiveCfg = Debug|Win32
		{36DDBF73-7C9A-4656-A9BD-6BD236CEC4D3}.Debug|Win32.Build.0 = Debug|Win32
		{36DDBF73-7C9A-4656-A9BD-6BD236CEC4D3}.Release|Any CPU.ActiveCfg = Release|Win32
		{36DDBF73-7C9A-4656-A9BD-6BD236CEC4D3}.Release|Mixed Platforms.ActiveCfg = Release|Win32
		{36DDBF73-7C9A-4656-A9BD-6BD236CEC4D3}.Release|Mixed Platforms.Build.0 = Release|Win32
		{36DDBF73-7C9A-4656-A9BD-6BD236CEC4D3}.Release|Win32.ActiveCfg = Release|Win32
		{36DDBF73-7C9A-4656-A9BD-6BD236CEC4D3}.Release|Win32.Build.0 = Release|Win32
		{C0AA1476-8EE3-4699-82A1-9A7C8DC51261}.Debug|Any CPU.ActiveCfg = Debug|Win32
		{C0AA1476-8EE3-4699-82A1-9A7C8DC51261}.Debug|Mixed Platforms.ActiveCfg = Debug|Win32
		{C0AA1476-8EE3-4699-82A1-9A7C8DC51261}.Debug|Mixed Platforms.Build.0 = Debug|Win32
		{C0AA1476-8EE3-4699-82A1-9A7C8DC51261}.Debug|Win32.ActiveCfg = Debug|Win32
		{C0AA1476-8EE3-4699-82A1-9A7C8DC51261}.Debug|Win32.Build.0 = Debug|Win32
		{C0AA1476-8EE3-4699-82A1-9A7C8DC51261}.Release|Any CPU.ActiveCfg = Release|Win32
		{C0AA1476-8EE3-4699-82A1-9A7C8DC51261}.Release|Mixed Platforms.ActiveCfg = Release|Win32
		{C0AA1476-8EE3-4699-82A1-9A7C8DC51261}.Release|Mixed Platforms.Build.0 = Release|Win32
		{C0AA1476-8EE3-4699-82A1-9A7C8DC51261}.Release|Win32.ActiveCfg = Release|Win32
		{C0AA1476-8EE3-4699-82A1-9A7C8DC51261}.Release|Win32.Build.0 = Release|Win32
		{4804E834-2848-480E-A4A0-DF8BF29A0558}.Debug|Any CPU.ActiveCfg = Debug|Win32
		{4804E834-2848-480E-A4A0-DF8BF29A0558}.Debug|Mixed Platforms.ActiveCfg = Debug|Win32
		{4804E834-2848-480E-A4A0-DF8BF29A0558}.Debug|Mixed Platforms.Build.0 = Debug|Win32
		{4804E834-2848-480E-A4A0-DF8BF29A0558}.Debug|Win32.ActiveCfg = Debug|Win32
		{4804E834-2848-480E-A4A0-DF8BF29A0558}.Debug|Win32.Build.0 = Debug|Win32
		{4804E834-2848-480E-A4A0-DF8BF29A0558}.Release|Any CPU.ActiveCfg = Release|Win32
		{4804E834-2848-480E-A4A0-DF8BF29A0558}.Release|Mixed Platforms.ActiveCfg = Release|Win32
		{4804E834-2848-480E-A4A0-DF8BF29A0558}.Release|Mixed Platforms.Build.0 = Release|Win32
		{4804E834-2848-480E-A4A0-DF8BF29A0558}.Release|Win32.ActiveCfg = Release|Win32
		{4804E834-2848-480E-A4A0-DF8BF29A0558}.Release|Win32.Build.0 = Release|Win32
	EndGlobalSection
	GlobalSection(SolutionProperties) = preSolution
		HideSolutionNode = FALSE
	EndGlobalSection
EndGlobal
